// !$*UTF8*$!
{
	archiveVersion = 1;
	classes = {
	};
	objectVersion = 46;
	objects = {

/* Begin PBXBuildFile section */
		2BECEA861F00B0500021DE41 /* main.m in Sources */ = {isa = PBXBuildFile; fileRef = 2BECEA851F00B0500021DE41 /* main.m */; };
		2BECEA891F00B0500021DE41 /* AppDelegate.m in Sources */ = {isa = PBXBuildFile; fileRef = 2BECEA881F00B0500021DE41 /* AppDelegate.m */; };
		2BECEA8C1F00B0500021DE41 /* ViewController.m in Sources */ = {isa = PBXBuildFile; fileRef = 2BECEA8B1F00B0500021DE41 /* ViewController.m */; };
		2BECEA8F1F00B0500021DE41 /* Main.storyboard in Resources */ = {isa = PBXBuildFile; fileRef = 2BECEA8D1F00B0500021DE41 /* Main.storyboard */; };
		2BECEA911F00B0500021DE41 /* Assets.xcassets in Resources */ = {isa = PBXBuildFile; fileRef = 2BECEA901F00B0500021DE41 /* Assets.xcassets */; };
		2BECEA941F00B0500021DE41 /* LaunchScreen.storyboard in Resources */ = {isa = PBXBuildFile; fileRef = 2BECEA921F00B0500021DE41 /* LaunchScreen.storyboard */; };
		2BECEA9F1F00B0500021DE41 /* TableViewHeaderViewAboveTests.m in Sources */ = {isa = PBXBuildFile; fileRef = 2BECEA9E1F00B0500021DE41 /* TableViewHeaderViewAboveTests.m */; };
		2BECEAAA1F00B0500021DE41 /* TableViewHeaderViewAboveUITests.m in Sources */ = {isa = PBXBuildFile; fileRef = 2BECEAA91F00B0500021DE41 /* TableViewHeaderViewAboveUITests.m */; };
/* End PBXBuildFile section */

/* Begin PBXContainerItemProxy section */
		2BECEA9B1F00B0500021DE41 /* PBXContainerItemProxy */ = {
			isa = PBXContainerItemProxy;
			containerPortal = 2BECEA791F00B0500021DE41 /* Project object */;
			proxyType = 1;
			remoteGlobalIDString = 2BECEA801F00B0500021DE41;
			remoteInfo = TableViewHeaderViewAbove;
		};
		2BECEAA61F00B0500021DE41 /* PBXContainerItemProxy */ = {
			isa = PBXContainerItemProxy;
			containerPortal = 2BECEA791F00B0500021DE41 /* Project object */;
			proxyType = 1;
			remoteGlobalIDString = 2BECEA801F00B0500021DE41;
			remoteInfo = TableViewHeaderViewAbove;
		};
/* End PBXContainerItemProxy section */

/* Begin PBXFileReference section */
		2BECEA811F00B0500021DE41 /* TableViewHeaderViewAbove.app */ = {isa = PBXFileReference; explicitFileType = wrapper.application; includeInIndex = 0; path = TableViewHeaderViewAbove.app; sourceTree = BUILT_PRODUCTS_DIR; };
		2BECEA851F00B0500021DE41 /* main.m */ = {isa = PBXFileReference; lastKnownFileType = sourcecode.c.objc; path = main.m; sourceTree = "<group>"; };
		2BECEA871F00B0500021DE41 /* AppDelegate.h */ = {isa = PBXFileReference; lastKnownFileType = sourcecode.c.h; path = AppDelegate.h; sourceTree = "<group>"; };
		2BECEA881F00B0500021DE41 /* AppDelegate.m */ = {isa = PBXFileReference; lastKnownFileType = sourcecode.c.objc; path = AppDelegate.m; sourceTree = "<group>"; };
		2BECEA8A1F00B0500021DE41 /* ViewController.h */ = {isa = PBXFileReference; lastKnownFileType = sourcecode.c.h; path = ViewController.h; sourceTree = "<group>"; };
		2BECEA8B1F00B0500021DE41 /* ViewController.m */ = {isa = PBXFileReference; lastKnownFileType = sourcecode.c.objc; path = ViewController.m; sourceTree = "<group>"; };
		2BECEA8E1F00B0500021DE41 /* Base */ = {isa = PBXFileReference; lastKnownFileType = file.storyboard; name = Base; path = Base.lproj/Main.storyboard; sourceTree = "<group>"; };
		2BECEA901F00B0500021DE41 /* Assets.xcassets */ = {isa = PBXFileReference; lastKnownFileType = folder.assetcatalog; path = Assets.xcassets; sourceTree = "<group>"; };
		2BECEA931F00B0500021DE41 /* Base */ = {isa = PBXFileReference; lastKnownFileType = file.storyboard; name = Base; path = Base.lproj/LaunchScreen.storyboard; sourceTree = "<group>"; };
		2BECEA951F00B0500021DE41 /* Info.plist */ = {isa = PBXFileReference; lastKnownFileType = text.plist.xml; path = Info.plist; sourceTree = "<group>"; };
		2BECEA9A1F00B0500021DE41 /* TableViewHeaderViewAboveTests.xctest */ = {isa = PBXFileReference; explicitFileType = wrapper.cfbundle; includeInIndex = 0; path = TableViewHeaderViewAboveTests.xctest; sourceTree = BUILT_PRODUCTS_DIR; };
		2BECEA9E1F00B0500021DE41 /* TableViewHeaderViewAboveTests.m */ = {isa = PBXFileReference; lastKnownFileType = sourcecode.c.objc; path = TableViewHeaderViewAboveTests.m; sourceTree = "<group>"; };
		2BECEAA01F00B0500021DE41 /* Info.plist */ = {isa = PBXFileReference; lastKnownFileType = text.plist.xml; path = Info.plist; sourceTree = "<group>"; };
		2BECEAA51F00B0500021DE41 /* TableViewHeaderViewAboveUITests.xctest */ = {isa = PBXFileReference; explicitFileType = wrapper.cfbundle; includeInIndex = 0; path = TableViewHeaderViewAboveUITests.xctest; sourceTree = BUILT_PRODUCTS_DIR; };
		2BECEAA91F00B0500021DE41 /* TableViewHeaderViewAboveUITests.m */ = {isa = PBXFileReference; lastKnownFileType = sourcecode.c.objc; path = TableViewHeaderViewAboveUITests.m; sourceTree = "<group>"; };
		2BECEAAB1F00B0500021DE41 /* Info.plist */ = {isa = PBXFileReference; lastKnownFileType = text.plist.xml; path = Info.plist; sourceTree = "<group>"; };
/* End PBXFileReference section */

/* Begin PBXFrameworksBuildPhase section */
		2BECEA7E1F00B0500021DE41 /* Frameworks */ = {
			isa = PBXFrameworksBuildPhase;
			buildActionMask = 2147483647;
			files = (
			);
			runOnlyForDeploymentPostprocessing = 0;
		};
		2BECEA971F00B0500021DE41 /* Frameworks */ = {
			isa = PBXFrameworksBuildPhase;
			buildActionMask = 2147483647;
			files = (
			);
			runOnlyForDeploymentPostprocessing = 0;
		};
		2BECEAA21F00B0500021DE41 /* Frameworks */ = {
			isa = PBXFrameworksBuildPhase;
			buildActionMask = 2147483647;
			files = (
			);
			runOnlyForDeploymentPostprocessing = 0;
		};
/* End PBXFrameworksBuildPhase section */

/* Begin PBXGroup section */
		2BECEA781F00B0500021DE41 = {
			isa = PBXGroup;
			children = (
				2BECEA831F00B0500021DE41 /* TableViewHeaderViewAbove */,
				2BECEA9D1F00B0500021DE41 /* TableViewHeaderViewAboveTests */,
				2BECEAA81F00B0500021DE41 /* TableViewHeaderViewAboveUITests */,
				2BECEA821F00B0500021DE41 /* Products */,
			);
			sourceTree = "<group>";
		};
		2BECEA821F00B0500021DE41 /* Products */ = {
			isa = PBXGroup;
			children = (
				2BECEA811F00B0500021DE41 /* TableViewHeaderViewAbove.app */,
				2BECEA9A1F00B0500021DE41 /* TableViewHeaderViewAboveTests.xctest */,
				2BECEAA51F00B0500021DE41 /* TableViewHeaderViewAboveUITests.xctest */,
			);
			name = Products;
			sourceTree = "<group>";
		};
		2BECEA831F00B0500021DE41 /* TableViewHeaderViewAbove */ = {
			isa = PBXGroup;
			children = (
				2BECEA871F00B0500021DE41 /* AppDelegate.h */,
				2BECEA881F00B0500021DE41 /* AppDelegate.m */,
				2BECEA8A1F00B0500021DE41 /* ViewController.h */,
				2BECEA8B1F00B0500021DE41 /* ViewController.m */,
				2BECEA8D1F00B0500021DE41 /* Main.storyboard */,
				2BECEA901F00B0500021DE41 /* Assets.xcassets */,
				2BECEA921F00B0500021DE41 /* LaunchScreen.storyboard */,
				2BECEA951F00B0500021DE41 /* Info.plist */,
				2BECEA841F00B0500021DE41 /* Supporting Files */,
			);
			path = TableViewHeaderViewAbove;
			sourceTree = "<group>";
		};
		2BECEA841F00B0500021DE41 /* Supporting Files */ = {
			isa = PBXGroup;
			children = (
				2BECEA851F00B0500021DE41 /* main.m */,
			);
			name = "Supporting Files";
			sourceTree = "<group>";
		};
		2BECEA9D1F00B0500021DE41 /* TableViewHeaderViewAboveTests */ = {
			isa = PBXGroup;
			children = (
				2BECEA9E1F00B0500021DE41 /* TableViewHeaderViewAboveTests.m */,
				2BECEAA01F00B0500021DE41 /* Info.plist */,
			);
			path = TableViewHeaderViewAboveTests;
			sourceTree = "<group>";
		};
		2BECEAA81F00B0500021DE41 /* TableViewHeaderViewAboveUITests */ = {
			isa = PBXGroup;
			children = (
				2BECEAA91F00B0500021DE41 /* TableViewHeaderViewAboveUITests.m */,
				2BECEAAB1F00B0500021DE41 /* Info.plist */,
			);
			path = TableViewHeaderViewAboveUITests;
			sourceTree = "<group>";
		};
/* End PBXGroup section */

/* Begin PBXNativeTarget section */
		2BECEA801F00B0500021DE41 /* TableViewHeaderViewAbove */ = {
			isa = PBXNativeTarget;
			buildConfigurationList = 2BECEAAE1F00B0500021DE41 /* Build configuration list for PBXNativeTarget "TableViewHeaderViewAbove" */;
			buildPhases = (
				2BECEA7D1F00B0500021DE41 /* Sources */,
				2BECEA7E1F00B0500021DE41 /* Frameworks */,
				2BECEA7F1F00B0500021DE41 /* Resources */,
			);
			buildRules = (
			);
			dependencies = (
			);
			name = TableViewHeaderViewAbove;
			productName = TableViewHeaderViewAbove;
			productReference = 2BECEA811F00B0500021DE41 /* TableViewHeaderViewAbove.app */;
			productType = "com.apple.product-type.application";
		};
		2BECEA991F00B0500021DE41 /* TableViewHeaderViewAboveTests */ = {
			isa = PBXNativeTarget;
			buildConfigurationList = 2BECEAB11F00B0500021DE41 /* Build configuration list for PBXNativeTarget "TableViewHeaderViewAboveTests" */;
			buildPhases = (
				2BECEA961F00B0500021DE41 /* Sources */,
				2BECEA971F00B0500021DE41 /* Frameworks */,
				2BECEA981F00B0500021DE41 /* Resources */,
			);
			buildRules = (
			);
			dependencies = (
				2BECEA9C1F00B0500021DE41 /* PBXTargetDependency */,
			);
			name = TableViewHeaderViewAboveTests;
			productName = TableViewHeaderViewAboveTests;
			productReference = 2BECEA9A1F00B0500021DE41 /* TableViewHeaderViewAboveTests.xctest */;
			productType = "com.apple.product-type.bundle.unit-test";
		};
		2BECEAA41F00B0500021DE41 /* TableViewHeaderViewAboveUITests */ = {
			isa = PBXNativeTarget;
			buildConfigurationList = 2BECEAB41F00B0500021DE41 /* Build configuration list for PBXNativeTarget "TableViewHeaderViewAboveUITests" */;
			buildPhases = (
				2BECEAA11F00B0500021DE41 /* Sources */,
				2BECEAA21F00B0500021DE41 /* Frameworks */,
				2BECEAA31F00B0500021DE41 /* Resources */,
			);
			buildRules = (
			);
			dependencies = (
				2BECEAA71F00B0500021DE41 /* PBXTargetDependency */,
			);
			name = TableViewHeaderViewAboveUITests;
			productName = TableViewHeaderViewAboveUITests;
			productReference = 2BECEAA51F00B0500021DE41 /* TableViewHeaderViewAboveUITests.xctest */;
			productType = "com.apple.product-type.bundle.ui-testing";
		};
/* End PBXNativeTarget section */

/* Begin PBXProject section */
		2BECEA791F00B0500021DE41 /* Project object */ = {
			isa = PBXProject;
			attributes = {
				LastUpgradeCheck = 0830;
				ORGANIZATIONNAME = capaipai;
				TargetAttributes = {
					2BECEA801F00B0500021DE41 = {
						CreatedOnToolsVersion = 8.3.2;
						ProvisioningStyle = Automatic;
					};
					2BECEA991F00B0500021DE41 = {
						CreatedOnToolsVersion = 8.3.2;
						ProvisioningStyle = Automatic;
						TestTargetID = 2BECEA801F00B0500021DE41;
					};
					2BECEAA41F00B0500021DE41 = {
						CreatedOnToolsVersion = 8.3.2;
						ProvisioningStyle = Automatic;
						TestTargetID = 2BECEA801F00B0500021DE41;
					};
				};
			};
			buildConfigurationList = 2BECEA7C1F00B0500021DE41 /* Build configuration list for PBXProject "TableViewHeaderViewAbove" */;
			compatibilityVersion = "Xcode 3.2";
			developmentRegion = English;
			hasScannedForEncodings = 0;
			knownRegions = (
				en,
				Base,
			);
			mainGroup = 2BECEA781F00B0500021DE41;
			productRefGroup = 2BECEA821F00B0500021DE41 /* Products */;
			projectDirPath = "";
			projectRoot = "";
			targets = (
				2BECEA801F00B0500021DE41 /* TableViewHeaderViewAbove */,
				2BECEA991F00B0500021DE41 /* TableViewHeaderViewAboveTests */,
				2BECEAA41F00B0500021DE41 /* TableViewHeaderViewAboveUITests */,
			);
		};
/* End PBXProject section */

/* Begin PBXResourcesBuildPhase section */
		2BECEA7F1F00B0500021DE41 /* Resources */ = {
			isa = PBXResourcesBuildPhase;
			buildActionMask = 2147483647;
			files = (
				2BECEA941F00B0500021DE41 /* LaunchScreen.storyboard in Resources */,
				2BECEA911F00B0500021DE41 /* Assets.xcassets in Resources */,
				2BECEA8F1F00B0500021DE41 /* Main.storyboard in Resources */,
			);
			runOnlyForDeploymentPostprocessing = 0;
		};
		2BECEA981F00B0500021DE41 /* Resources */ = {
			isa = PBXResourcesBuildPhase;
			buildActionMask = 2147483647;
			files = (
			);
			runOnlyForDeploymentPostprocessing = 0;
		};
		2BECEAA31F00B0500021DE41 /* Resources */ = {
			isa = PBXResourcesBuildPhase;
			buildActionMask = 2147483647;
			files = (
			);
			runOnlyForDeploymentPostprocessing = 0;
		};
/* End PBXResourcesBuildPhase section */

/* Begin PBXSourcesBuildPhase section */
		2BECEA7D1F00B0500021DE41 /* Sources */ = {
			isa = PBXSourcesBuildPhase;
			buildActionMask = 2147483647;
			files = (
				2BECEA8C1F00B0500021DE41 /* ViewController.m in Sources */,
				2BECEA891F00B0500021DE41 /* AppDelegate.m in Sources */,
				2BECEA861F00B0500021DE41 /* main.m in Sources */,
			);
			runOnlyForDeploymentPostprocessing = 0;
		};
		2BECEA961F00B0500021DE41 /* Sources */ = {
			isa = PBXSourcesBuildPhase;
			buildActionMask = 2147483647;
			files = (
				2BECEA9F1F00B0500021DE41 /* TableViewHeaderViewAboveTests.m in Sources */,
			);
			runOnlyForDeploymentPostprocessing = 0;
		};
		2BECEAA11F00B0500021DE41 /* Sources */ = {
			isa = PBXSourcesBuildPhase;
			buildActionMask = 2147483647;
			files = (
				2BECEAAA1F00B0500021DE41 /* TableViewHeaderViewAboveUITests.m in Sources */,
			);
			runOnlyForDeploymentPostprocessing = 0;
		};
/* End PBXSourcesBuildPhase section */

/* Begin PBXTargetDependency section */
		2BECEA9C1F00B0500021DE41 /* PBXTargetDependency */ = {
			isa = PBXTargetDependency;
			target = 2BECEA801F00B0500021DE41 /* TableViewHeaderViewAbove */;
			targetProxy = 2BECEA9B1F00B0500021DE41 /* PBXContainerItemProxy */;
		};
		2BECEAA71F00B0500021DE41 /* PBXTargetDependency */ = {
			isa = PBXTargetDependency;
			target = 2BECEA801F00B0500021DE41 /* TableViewHeaderViewAbove */;
			targetProxy = 2BECEAA61F00B0500021DE41 /* PBXContainerItemProxy */;
		};
/* End PBXTargetDependency section */

/* Begin PBXVariantGroup section */
		2BECEA8D1F00B0500021DE41 /* Main.storyboard */ = {
			isa = PBXVariantGroup;
			children = (
				2BECEA8E1F00B0500021DE41 /* Base */,
			);
			name = Main.storyboard;
			sourceTree = "<group>";
		};
		2BECEA921F00B0500021DE41 /* LaunchScreen.storyboard */ = {
			isa = PBXVariantGroup;
			children = (
				2BECEA931F00B0500021DE41 /* Base */,
			);
			name = LaunchScreen.storyboard;
			sourceTree = "<group>";
		};
/* End PBXVariantGroup section */

/* Begin XCBuildConfiguration section */
		2BECEAAC1F00B0500021DE41 /* Debug */ = {
			isa = XCBuildConfiguration;
			buildSettings = {
				ALWAYS_SEARCH_USER_PATHS = NO;
				CLANG_ANALYZER_NONNULL = YES;
				CLANG_ANALYZER_NUMBER_OBJECT_CONVERSION = YES_AGGRESSIVE;
				CLANG_CXX_LANGUAGE_STANDARD = "gnu++0x";
				CLANG_CXX_LIBRARY = "libc++";
				CLANG_ENABLE_MODULES = YES;
				CLANG_ENABLE_OBJC_ARC = YES;
				CLANG_WARN_BOOL_CONVERSION = YES;
				CLANG_WARN_CONSTANT_CONVERSION = YES;
				CLANG_WARN_DIRECT_OBJC_ISA_USAGE = YES_ERROR;
				CLANG_WARN_DOCUMENTATION_COMMENTS = YES;
				CLANG_WARN_EMPTY_BODY = YES;
				CLANG_WARN_ENUM_CONVERSION = YES;
				CLANG_WARN_INFINITE_RECURSION = YES;
				CLANG_WARN_INT_CONVERSION = YES;
				CLANG_WARN_OBJC_ROOT_CLASS = YES_ERROR;
				CLANG_WARN_SUSPICIOUS_MOVE = YES;
				CLANG_WARN_UNREACHABLE_CODE = YES;
				CLANG_WARN__DUPLICATE_METHOD_MATCH = YES;
				"CODE_SIGN_IDENTITY[sdk=iphoneos*]" = "iPhone Developer";
				COPY_PHASE_STRIP = NO;
				DEBUG_INFORMATION_FORMAT = dwarf;
				ENABLE_STRICT_OBJC_MSGSEND = YES;
				ENABLE_TESTABILITY = YES;
				GCC_C_LANGUAGE_STANDARD = gnu99;
				GCC_DYNAMIC_NO_PIC = NO;
				GCC_NO_COMMON_BLOCKS = YES;
				GCC_OPTIMIZATION_LEVEL = 0;
				GCC_PREPROCESSOR_DEFINITIONS = (
					"DEBUG=1",
					"$(inherited)",
				);
				GCC_WARN_64_TO_32_BIT_CONVERSION = YES;
				GCC_WARN_ABOUT_RETURN_TYPE = YES_ERROR;
				GCC_WARN_UNDECLARED_SELECTOR = YES;
				GCC_WARN_UNINITIALIZED_AUTOS = YES_AGGRESSIVE;
				GCC_WARN_UNUSED_FUNCTION = YES;
				GCC_WARN_UNUSED_VARIABLE = YES;
				IPHONEOS_DEPLOYMENT_TARGET = 10.3;
				MTL_ENABLE_DEBUG_INFO = YES;
				ONLY_ACTIVE_ARCH = YES;
				SDKROOT = iphoneos;
				TARGETED_DEVICE_FAMILY = "1,2";
			};
			name = Debug;
		};
		2BECEAAD1F00B0500021DE41 /* Release */ = {
			isa = XCBuildConfiguration;
			buildSettings = {
				ALWAYS_SEARCH_USER_PATHS = NO;
				CLANG_ANALYZER_NONNULL = YES;
				CLANG_ANALYZER_NUMBER_OBJECT_CONVERSION = YES_AGGRESSIVE;
				CLANG_CXX_LANGUAGE_STANDARD = "gnu++0x";
				CLANG_CXX_LIBRARY = "libc++";
				CLANG_ENABLE_MODULES = YES;
				CLANG_ENABLE_OBJC_ARC = YES;
				CLANG_WARN_BOOL_CONVERSION = YES;
				CLANG_WARN_CONSTANT_CONVERSION = YES;
				CLANG_WARN_DIRECT_OBJC_ISA_USAGE = YES_ERROR;
				CLANG_WARN_DOCUMENTATION_COMMENTS = YES;
				CLANG_WARN_EMPTY_BODY = YES;
				CLANG_WARN_ENUM_CONVERSION = YES;
				CLANG_WARN_INFINITE_RECURSION = YES;
				CLANG_WARN_INT_CONVERSION = YES;
				CLANG_WARN_OBJC_ROOT_CLASS = YES_ERROR;
				CLANG_WARN_SUSPICIOUS_MOVE = YES;
				CLANG_WARN_UNREACHABLE_CODE = YES;
				CLANG_WARN__DUPLICATE_METHOD_MATCH = YES;
				"CODE_SIGN_IDENTITY[sdk=iphoneos*]" = "iPhone Developer";
				COPY_PHASE_STRIP = NO;
				DEBUG_INFORMATION_FORMAT = "dwarf-with-dsym";
				ENABLE_NS_ASSERTIONS = NO;
				ENABLE_STRICT_OBJC_MSGSEND = YES;
				GCC_C_LANGUAGE_STANDARD = gnu99;
				GCC_NO_COMMON_BLOCKS = YES;
				GCC_WARN_64_TO_32_BIT_CONVERSION = YES;
				GCC_WARN_ABOUT_RETURN_TYPE = YES_ERROR;
				GCC_WARN_UNDECLARED_SELECTOR = YES;
				GCC_WARN_UNINITIALIZED_AUTOS = YES_AGGRESSIVE;
				GCC_WARN_UNUSED_FUNCTION = YES;
				GCC_WARN_UNUSED_VARIABLE = YES;
				IPHONEOS_DEPLOYMENT_TARGET = 10.3;
				MTL_ENABLE_DEBUG_INFO = NO;
				SDKROOT = iphoneos;
				TARGETED_DEVICE_FAMILY = "1,2";
				VALIDATE_PRODUCT = YES;
			};
			name = Release;
		};
		2BECEAAF1F00B0500021DE41 /* Debug */ = {
			isa = XCBuildConfiguration;
			buildSettings = {
				ASSETCATALOG_COMPILER_APPICON_NAME = AppIcon;
				INFOPLIST_FILE = TableViewHeaderViewAbove/Info.plist;
				LD_RUNPATH_SEARCH_PATHS = "$(inherited) @executable_path/Frameworks";
				PRODUCT_BUNDLE_IDENTIFIER = com.capaipai.TableViewHeaderViewAbove;
				PRODUCT_NAME = "$(TARGET_NAME)";
			};
			name = Debug;
		};
		2BECEAB01F00B0500021DE41 /* Release */ = {
			isa = XCBuildConfiguration;
			buildSettings = {
				ASSETCATALOG_COMPILER_APPICON_NAME = AppIcon;
				INFOPLIST_FILE = TableViewHeaderViewAbove/Info.plist;
				LD_RUNPATH_SEARCH_PATHS = "$(inherited) @executable_path/Frameworks";
				PRODUCT_BUNDLE_IDENTIFIER = com.capaipai.TableViewHeaderViewAbove;
				PRODUCT_NAME = "$(TARGET_NAME)";
			};
			name = Release;
		};
		2BECEAB21F00B0500021DE41 /* Debug */ = {
			isa = XCBuildConfiguration;
			buildSettings = {
				BUNDLE_LOADER = "$(TEST_HOST)";
				INFOPLIST_FILE = TableViewHeaderViewAboveTests/Info.plist;
				LD_RUNPATH_SEARCH_PATHS = "$(inherited) @executable_path/Frameworks @loader_path/Frameworks";
				PRODUCT_BUNDLE_IDENTIFIER = com.capaipai.TableViewHeaderViewAboveTests;
				PRODUCT_NAME = "$(TARGET_NAME)";
				TEST_HOST = "$(BUILT_PRODUCTS_DIR)/TableViewHeaderViewAbove.app/TableViewHeaderViewAbove";
			};
			name = Debug;
		};
		2BECEAB31F00B0500021DE41 /* Release */ = {
			isa = XCBuildConfiguration;
			buildSettings = {
				BUNDLE_LOADER = "$(TEST_HOST)";
				INFOPLIST_FILE = TableViewHeaderViewAboveTests/Info.plist;
				LD_RUNPATH_SEARCH_PATHS = "$(inherited) @executable_path/Frameworks @loader_path/Frameworks";
				PRODUCT_BUNDLE_IDENTIFIER = com.capaipai.TableViewHeaderViewAboveTests;
				PRODUCT_NAME = "$(TARGET_NAME)";
				TEST_HOST = "$(BUILT_PRODUCTS_DIR)/TableViewHeaderViewAbove.app/TableViewHeaderViewAbove";
			};
			name = Release;
		};
		2BECEAB51F00B0500021DE41 /* Debug */ = {
			isa = XCBuildConfiguration;
			buildSettings = {
				INFOPLIST_FILE = TableViewHeaderViewAboveUITests/Info.plist;
				LD_RUNPATH_SEARCH_PATHS = "$(inherited) @executable_path/Frameworks @loader_path/Frameworks";
				PRODUCT_BUNDLE_IDENTIFIER = com.capaipai.TableViewHeaderViewAboveUITests;
				PRODUCT_NAME = "$(TARGET_NAME)";
				TEST_TARGET_NAME = TableViewHeaderViewAbove;
			};
			name = Debug;
		};
		2BECEAB61F00B0500021DE41 /* Release */ = {
			isa = XCBuildConfiguration;
			buildSettings = {
				INFOPLIST_FILE = TableViewHeaderViewAboveUITests/Info.plist;
				LD_RUNPATH_SEARCH_PATHS = "$(inherited) @executable_path/Frameworks @loader_path/Frameworks";
				PRODUCT_BUNDLE_IDENTIFIER = com.capaipai.TableViewHeaderViewAboveUITests;
				PRODUCT_NAME = "$(TARGET_NAME)";
				TEST_TARGET_NAME = TableViewHeaderViewAbove;
			};
			name = Release;
		};
/* End XCBuildConfiguration section */

/* Begin XCConfigurationList section */
		2BECEA7C1F00B0500021DE41 /* Build configuration list for PBXProject "TableViewHeaderViewAbove" */ = {
			isa = XCConfigurationList;
			buildConfigurations = (
				2BECEAAC1F00B0500021DE41 /* Debug */,
				2BECEAAD1F00B0500021DE41 /* Release */,
			);
			defaultConfigurationIsVisible = 0;
			defaultConfigurationName = Release;
		};
		2BECEAAE1F00B0500021DE41 /* Build configuration list for PBXNativeTarget "TableViewHeaderViewAbove" */ = {
			isa = XCConfigurationList;
			buildConfigurations = (
				2BECEAAF1F00B0500021DE41 /* Debug */,
				2BECEAB01F00B0500021DE41 /* Release */,
			);
			defaultConfigurationIsVisible = 0;
		};
		2BECEAB11F00B0500021DE41 /* Build configuration list for PBXNativeTarget "TableViewHeaderViewAboveTests" */ = {
			isa = XCConfigurationList;
			buildConfigurations = (
				2BECEAB21F00B0500021DE41 /* Debug */,
				2BECEAB31F00B0500021DE41 /* Release */,
			);
			defaultConfigurationIsVisible = 0;
		};
		2BECEAB41F00B0500021DE41 /* Build configuration list for PBXNativeTarget "TableViewHeaderViewAboveUITests" */ = {
			isa = XCConfigurationList;
			buildConfigurations = (
				2BECEAB51F00B0500021DE41 /* Debug */,
				2BECEAB61F00B0500021DE41 /* Release */,
			);
			defaultConfigurationIsVisible = 0;
		};
/* End XCConfigurationList section */
	};
	rootObject = 2BECEA791F00B0500021DE41 /* Project object */;
}
